lockfileVersion: 5.4

specifiers:
  '@unocss/core': ^0.49.4
  '@unocss/preset-mini': ^0.50.1

dependencies:
  '@unocss/preset-mini': 0.50.1

devDependencies:
  '@unocss/core': 0.49.4

packages:

  /@unocss/core/0.49.4:
    resolution: {integrity: sha512-1RNV+KBgRo0uuaa5Etwc5cfxkdhJelIXRFz3LeXBOU4dIrTzBAMr352M+oZ/nnkbnAROGf3icTE0UcmSaCA2RQ==}
    dev: true

  /@unocss/core/0.50.1:
    resolution: {integrity: sha512-jnWClMMGybzyXcRX4DY+g/DJ4JrH9w8YN/H6OTHt0WyrNfR1V3ebJtEc6gbqCkZCh2XmqSA5F49QPhTbErYePg==}
    dev: false

  /@unocss/preset-mini/0.50.1:
    resolution: {integrity: sha512-asAJHsgNKbfH5aANuaA/1Q0efWPWalGSlLa9V73JXyXO4fbFT86m3o65NPHbm2N9t5IRxTfL3hcuUE/cOGEVLg==}
    dependencies:
      '@unocss/core': 0.50.1
    dev: false
